{
  "nodes": {
    "haskell-updates-pkgs": {
      "locked": {
        "lastModified": 1603096286,
        "narHash": "sha256-Go//Ai0B8Eo5K0CtMXLcLbsE0ztMXKwFWXHkZcTyB1E=",
        "owner": "NixOS",
        "repo": "nixpkgs",
        "rev": "bce40452625d3260d557a2b60d394bd66fe9d027",
        "type": "github"
      },
      "original": {
        "owner": "NixOS",
        "ref": "haskell-updates",
        "repo": "nixpkgs",
        "type": "github"
      }
    },
    "nixpkgs": {
      "locked": {
        "lastModified": 1602363692,
        "narHash": "sha256-9V8jl1Lzgw+QMqpEWz4+TjRmXktBWLZjqr3yBWBLL1g=",
        "owner": "NixOS",
        "repo": "nixpkgs",
        "rev": "51aaa3fa1b69559456f9bd4968bd5b179a784f67",
        "type": "github"
      },
      "original": {
        "owner": "NixOS",
        "ref": "nixos-20.09",
        "repo": "nixpkgs",
        "type": "github"
      }
    },
    "root": {
      "inputs": {
        "haskell-updates-pkgs": "haskell-updates-pkgs",
        "nixpkgs": "nixpkgs"
      }
    }
  },
  "root": "root",
  "version": 7
}
